
Microsoft Visual Studio Solution File, Format Version 12.00
Project("{FAE04EC0-301F-11D3-BF4B-00C04F79EFBC}") = "srpo1lab_5stage", "srpo1lab_5stage\srpo1lab_5stage.csproj", "{9DC78814-95DA-467F-9AF5-0D076FF496C5}"
EndProject
Global
	GlobalSection(SolutionConfigurationPlatforms) = preSolution
		Debug|Any CPU = Debug|Any CPU
		Release|Any CPU = Release|Any CPU
	EndGlobalSection
	GlobalSection(ProjectConfigurationPlatforms) = postSolution
		{9DC78814-95DA-467F-9AF5-0D076FF496C5}.Debug|Any CPU.ActiveCfg = Debug|Any CPU
		{9DC78814-95DA-467F-9AF5-0D076FF496C5}.Debug|Any CPU.Build.0 = Debug|Any CPU
		{9DC78814-95DA-467F-9AF5-0D076FF496C5}.Release|Any CPU.ActiveCfg = Release|Any CPU
		{9DC78814-95DA-467F-9AF5-0D076FF496C5}.Release|Any CPU.Build.0 = Release|Any CPU
	EndGlobalSection
EndGlobal
